github.com/pulumi/pulumi-hugo/themes/current v0.0.0-20210401204950-a55b707cca76 h1:MAQ87f7bddCK8UuY5rzFEiDWdWKZ1K7L9TaPMYxIhrg=
github.com/pulumi/pulumi-hugo/themes/current v0.0.0-20210401204950-a55b707cca76/go.mod h1:lv+YMmKqt5Y94U2ZwKselGglAGiVqF1oKKHNOa9U+Qk=
github.com/pulumi/pulumi-hugo/themes/default v0.0.0-20210402220030-1d1ceeaca743 h1:VmAxj0tqGtTAjEQTFEHM+gIsqVgMq3WcCbqCu6icQJw=
github.com/pulumi/pulumi-hugo/themes/default v0.0.0-20210402220030-1d1ceeaca743/go.mod h1:081/gGTOxNFBjrLQ3QvsyP34iiWgmmKDtoi5falfsuo=
